// !$*UTF8*$!
{
	archiveVersion = 1;
	classes = {
	};
	objectVersion = 50;
	objects = {

/* Begin PBXBuildFile section */
		079F6B1C26C7968E009C29AA /* MyLocationView.swift in Sources */ = {isa = PBXBuildFile; fileRef = 079F6B1B26C7968E009C29AA /* MyLocationView.swift */; };
		079F6B1E26C796A9009C29AA /* MapLocationView.swift in Sources */ = {isa = PBXBuildFile; fileRef = 079F6B1D26C796A9009C29AA /* MapLocationView.swift */; };
		079F6B2526C7A6E7009C29AA /* Color.swift in Sources */ = {isa = PBXBuildFile; fileRef = 079F6B2426C7A6E7009C29AA /* Color.swift */; };
		079F6B3026C7A90C009C29AA /* WeatherModel.swift in Sources */ = {isa = PBXBuildFile; fileRef = 079F6B2F26C7A90C009C29AA /* WeatherModel.swift */; };
		079F6B3226C7ABB3009C29AA /* CurrentWeatherModel.swift in Sources */ = {isa = PBXBuildFile; fileRef = 079F6B3126C7ABB3009C29AA /* CurrentWeatherModel.swift */; };
		079F6B3426C7AC20009C29AA /* WeatherInfoModel.swift in Sources */ = {isa = PBXBuildFile; fileRef = 079F6B3326C7AC20009C29AA /* WeatherInfoModel.swift */; };
		079F6B3626C7AC81009C29AA /* DailyWeatherModel.swift in Sources */ = {isa = PBXBuildFile; fileRef = 079F6B3526C7AC81009C29AA /* DailyWeatherModel.swift */; };
		079F6B3826C7ACFA009C29AA /* DailyTemperatureModel.swift in Sources */ = {isa = PBXBuildFile; fileRef = 079F6B3726C7ACFA009C29AA /* DailyTemperatureModel.swift */; };
		07B5617D26C84692008E8C03 /* TodayWeatherView.swift in Sources */ = {isa = PBXBuildFile; fileRef = 07B5617C26C84692008E8C03 /* TodayWeatherView.swift */; };
		07B5617F26C84792008E8C03 /* PreviewProvider.swift in Sources */ = {isa = PBXBuildFile; fileRef = 07B5617E26C84792008E8C03 /* PreviewProvider.swift */; };
		07B5618126C866AB008E8C03 /* MyLocationViewModel.swift in Sources */ = {isa = PBXBuildFile; fileRef = 07B5618026C866AB008E8C03 /* MyLocationViewModel.swift */; };
		07B5618426C86EE9008E8C03 /* WeatherDataService.swift in Sources */ = {isa = PBXBuildFile; fileRef = 07B5618326C86EE9008E8C03 /* WeatherDataService.swift */; };
		07C084D026C79027008FA7DD /* WeatherApp.swift in Sources */ = {isa = PBXBuildFile; fileRef = 07C084CF26C79027008FA7DD /* WeatherApp.swift */; };
		07C084D226C79027008FA7DD /* ContentView.swift in Sources */ = {isa = PBXBuildFile; fileRef = 07C084D126C79027008FA7DD /* ContentView.swift */; };
		07C084D426C79028008FA7DD /* Assets.xcassets in Resources */ = {isa = PBXBuildFile; fileRef = 07C084D326C79028008FA7DD /* Assets.xcassets */; };
		07C084D726C79028008FA7DD /* Preview Assets.xcassets in Resources */ = {isa = PBXBuildFile; fileRef = 07C084D626C79028008FA7DD /* Preview Assets.xcassets */; };
/* End PBXBuildFile section */

/* Begin PBXFileReference section */
		079F6B1B26C7968E009C29AA /* MyLocationView.swift */ = {isa = PBXFileReference; lastKnownFileType = sourcecode.swift; path = MyLocationView.swift; sourceTree = "<group>"; };
		079F6B1D26C796A9009C29AA /* MapLocationView.swift */ = {isa = PBXFileReference; lastKnownFileType = sourcecode.swift; path = MapLocationView.swift; sourceTree = "<group>"; };
		079F6B2426C7A6E7009C29AA /* Color.swift */ = {isa = PBXFileReference; lastKnownFileType = sourcecode.swift; path = Color.swift; sourceTree = "<group>"; };
		079F6B2F26C7A90C009C29AA /* WeatherModel.swift */ = {isa = PBXFileReference; lastKnownFileType = sourcecode.swift; path = WeatherModel.swift; sourceTree = "<group>"; };
		079F6B3126C7ABB3009C29AA /* CurrentWeatherModel.swift */ = {isa = PBXFileReference; lastKnownFileType = sourcecode.swift; path = CurrentWeatherModel.swift; sourceTree = "<group>"; };
		079F6B3326C7AC20009C29AA /* WeatherInfoModel.swift */ = {isa = PBXFileReference; lastKnownFileType = sourcecode.swift; path = WeatherInfoModel.swift; sourceTree = "<group>"; };
		079F6B3526C7AC81009C29AA /* DailyWeatherModel.swift */ = {isa = PBXFileReference; lastKnownFileType = sourcecode.swift; path = DailyWeatherModel.swift; sourceTree = "<group>"; };
		079F6B3726C7ACFA009C29AA /* DailyTemperatureModel.swift */ = {isa = PBXFileReference; lastKnownFileType = sourcecode.swift; path = DailyTemperatureModel.swift; sourceTree = "<group>"; };
		07B5617C26C84692008E8C03 /* TodayWeatherView.swift */ = {isa = PBXFileReference; lastKnownFileType = sourcecode.swift; path = TodayWeatherView.swift; sourceTree = "<group>"; };
		07B5617E26C84792008E8C03 /* PreviewProvider.swift */ = {isa = PBXFileReference; lastKnownFileType = sourcecode.swift; path = PreviewProvider.swift; sourceTree = "<group>"; };
		07B5618026C866AB008E8C03 /* MyLocationViewModel.swift */ = {isa = PBXFileReference; lastKnownFileType = sourcecode.swift; path = MyLocationViewModel.swift; sourceTree = "<group>"; };
		07B5618326C86EE9008E8C03 /* WeatherDataService.swift */ = {isa = PBXFileReference; lastKnownFileType = sourcecode.swift; path = WeatherDataService.swift; sourceTree = "<group>"; };
		07C084CC26C79027008FA7DD /* WeatherApp.app */ = {isa = PBXFileReference; explicitFileType = wrapper.application; includeInIndex = 0; path = WeatherApp.app; sourceTree = BUILT_PRODUCTS_DIR; };
		07C084CF26C79027008FA7DD /* WeatherApp.swift */ = {isa = PBXFileReference; lastKnownFileType = sourcecode.swift; path = WeatherApp.swift; sourceTree = "<group>"; };
		07C084D126C79027008FA7DD /* ContentView.swift */ = {isa = PBXFileReference; lastKnownFileType = sourcecode.swift; path = ContentView.swift; sourceTree = "<group>"; };
		07C084D326C79028008FA7DD /* Assets.xcassets */ = {isa = PBXFileReference; lastKnownFileType = folder.assetcatalog; path = Assets.xcassets; sourceTree = "<group>"; };
		07C084D626C79028008FA7DD /* Preview Assets.xcassets */ = {isa = PBXFileReference; lastKnownFileType = folder.assetcatalog; path = "Preview Assets.xcassets"; sourceTree = "<group>"; };
		07C084D826C79028008FA7DD /* Info.plist */ = {isa = PBXFileReference; lastKnownFileType = text.plist.xml; path = Info.plist; sourceTree = "<group>"; };
/* End PBXFileReference section */

/* Begin PBXFrameworksBuildPhase section */
		07C084C926C79027008FA7DD /* Frameworks */ = {
			isa = PBXFrameworksBuildPhase;
			buildActionMask = 2147483647;
			files = (
			);
			runOnlyForDeploymentPostprocessing = 0;
		};
/* End PBXFrameworksBuildPhase section */

/* Begin PBXGroup section */
		079F6B2326C7A6A8009C29AA /* Extensions */ = {
			isa = PBXGroup;
			children = (
				079F6B2426C7A6E7009C29AA /* Color.swift */,
				07B5617E26C84792008E8C03 /* PreviewProvider.swift */,
			);
			path = Extensions;
			sourceTree = "<group>";
		};
		079F6B2626C7A7AB009C29AA /* Core */ = {
			isa = PBXGroup;
			children = (
				079F6B2D26C7A84E009C29AA /* Components */,
				079F6B2726C7A7C8009C29AA /* MyLocation */,
				079F6B2826C7A7D4009C29AA /* MapLocation */,
			);
			path = Core;
			sourceTree = "<group>";
		};
		079F6B2726C7A7C8009C29AA /* MyLocation */ = {
			isa = PBXGroup;
			children = (
				079F6B2A26C7A7ED009C29AA /* ViewModels */,
				079F6B2926C7A7E7009C29AA /* Views */,
			);
			path = MyLocation;
			sourceTree = "<group>";
		};
		079F6B2826C7A7D4009C29AA /* MapLocation */ = {
			isa = PBXGroup;
			children = (
				079F6B2C26C7A80B009C29AA /* ViewModels */,
				079F6B2B26C7A805009C29AA /* Views */,
			);
			path = MapLocation;
			sourceTree = "<group>";
		};
		079F6B2926C7A7E7009C29AA /* Views */ = {
			isa = PBXGroup;
			children = (
				079F6B1B26C7968E009C29AA /* MyLocationView.swift */,
			);
			path = Views;
			sourceTree = "<group>";
		};
		079F6B2A26C7A7ED009C29AA /* ViewModels */ = {
			isa = PBXGroup;
			children = (
				07B5618026C866AB008E8C03 /* MyLocationViewModel.swift */,
			);
			path = ViewModels;
			sourceTree = "<group>";
		};
		079F6B2B26C7A805009C29AA /* Views */ = {
			isa = PBXGroup;
			children = (
				079F6B1D26C796A9009C29AA /* MapLocationView.swift */,
			);
			path = Views;
			sourceTree = "<group>";
		};
		079F6B2C26C7A80B009C29AA /* ViewModels */ = {
			isa = PBXGroup;
			children = (
			);
			path = ViewModels;
			sourceTree = "<group>";
		};
		079F6B2D26C7A84E009C29AA /* Components */ = {
			isa = PBXGroup;
			children = (
				07B5617C26C84692008E8C03 /* TodayWeatherView.swift */,
			);
			path = Components;
			sourceTree = "<group>";
		};
		079F6B2E26C7A8E7009C29AA /* Models */ = {
			isa = PBXGroup;
			children = (
				079F6B2F26C7A90C009C29AA /* WeatherModel.swift */,
				079F6B3126C7ABB3009C29AA /* CurrentWeatherModel.swift */,
				079F6B3326C7AC20009C29AA /* WeatherInfoModel.swift */,
				079F6B3526C7AC81009C29AA /* DailyWeatherModel.swift */,
				079F6B3726C7ACFA009C29AA /* DailyTemperatureModel.swift */,
			);
			path = Models;
			sourceTree = "<group>";
		};
		07B5618226C86EC4008E8C03 /* Services */ = {
			isa = PBXGroup;
			children = (
				07B5618326C86EE9008E8C03 /* WeatherDataService.swift */,
			);
			path = Services;
			sourceTree = "<group>";
		};
		07C084C326C79027008FA7DD = {
			isa = PBXGroup;
			children = (
				07C084CE26C79027008FA7DD /* WeatherApp */,
				07C084CD26C79027008FA7DD /* Products */,
			);
			sourceTree = "<group>";
		};
		07C084CD26C79027008FA7DD /* Products */ = {
			isa = PBXGroup;
			children = (
				07C084CC26C79027008FA7DD /* WeatherApp.app */,
			);
			name = Products;
			sourceTree = "<group>";
		};
		07C084CE26C79027008FA7DD /* WeatherApp */ = {
			isa = PBXGroup;
			children = (
				07C084CF26C79027008FA7DD /* WeatherApp.swift */,
				079F6B2326C7A6A8009C29AA /* Extensions */,
				07B5618226C86EC4008E8C03 /* Services */,
				079F6B2E26C7A8E7009C29AA /* Models */,
				079F6B2626C7A7AB009C29AA /* Core */,
				07C084D126C79027008FA7DD /* ContentView.swift */,
				07C084D326C79028008FA7DD /* Assets.xcassets */,
				07C084D826C79028008FA7DD /* Info.plist */,
				07C084D526C79028008FA7DD /* Preview Content */,
			);
			path = WeatherApp;
			sourceTree = "<group>";
		};
		07C084D526C79028008FA7DD /* Preview Content */ = {
			isa = PBXGroup;
			children = (
				07C084D626C79028008FA7DD /* Preview Assets.xcassets */,
			);
			path = "Preview Content";
			sourceTree = "<group>";
		};
/* End PBXGroup section */

/* Begin PBXNativeTarget section */
		07C084CB26C79027008FA7DD /* WeatherApp */ = {
			isa = PBXNativeTarget;
			buildConfigurationList = 07C084DB26C79028008FA7DD /* Build configuration list for PBXNativeTarget "WeatherApp" */;
			buildPhases = (
				07C084C826C79027008FA7DD /* Sources */,
				07C084C926C79027008FA7DD /* Frameworks */,
				07C084CA26C79027008FA7DD /* Resources */,
			);
			buildRules = (
			);
			dependencies = (
			);
			name = WeatherApp;
			productName = WeatherApp;
			productReference = 07C084CC26C79027008FA7DD /* WeatherApp.app */;
			productType = "com.apple.product-type.application";
		};
/* End PBXNativeTarget section */

/* Begin PBXProject section */
		07C084C426C79027008FA7DD /* Project object */ = {
			isa = PBXProject;
			attributes = {
				LastSwiftUpdateCheck = 1250;
				LastUpgradeCheck = 1250;
				TargetAttributes = {
					07C084CB26C79027008FA7DD = {
						CreatedOnToolsVersion = 12.5.1;
					};
				};
			};
			buildConfigurationList = 07C084C726C79027008FA7DD /* Build configuration list for PBXProject "WeatherApp" */;
			compatibilityVersion = "Xcode 9.3";
			developmentRegion = en;
			hasScannedForEncodings = 0;
			knownRegions = (
				en,
				Base,
			);
			mainGroup = 07C084C326C79027008FA7DD;
			productRefGroup = 07C084CD26C79027008FA7DD /* Products */;
			projectDirPath = "";
			projectRoot = "";
			targets = (
				07C084CB26C79027008FA7DD /* WeatherApp */,
			);
		};
/* End PBXProject section */

/* Begin PBXResourcesBuildPhase section */
		07C084CA26C79027008FA7DD /* Resources */ = {
			isa = PBXResourcesBuildPhase;
			buildActionMask = 2147483647;
			files = (
				07C084D726C79028008FA7DD /* Preview Assets.xcassets in Resources */,
				07C084D426C79028008FA7DD /* Assets.xcassets in Resources */,
			);
			runOnlyForDeploymentPostprocessing = 0;
		};
/* End PBXResourcesBuildPhase section */

/* Begin PBXSourcesBuildPhase section */
		07C084C826C79027008FA7DD /* Sources */ = {
			isa = PBXSourcesBuildPhase;
			buildActionMask = 2147483647;
			files = (
				07B5618426C86EE9008E8C03 /* WeatherDataService.swift in Sources */,
				07B5617D26C84692008E8C03 /* TodayWeatherView.swift in Sources */,
				07B5618126C866AB008E8C03 /* MyLocationViewModel.swift in Sources */,
				07B5617F26C84792008E8C03 /* PreviewProvider.swift in Sources */,
				07C084D226C79027008FA7DD /* ContentView.swift in Sources */,
				07C084D026C79027008FA7DD /* WeatherApp.swift in Sources */,
				079F6B3626C7AC81009C29AA /* DailyWeatherModel.swift in Sources */,
				079F6B3226C7ABB3009C29AA /* CurrentWeatherModel.swift in Sources */,
				079F6B3826C7ACFA009C29AA /* DailyTemperatureModel.swift in Sources */,
				079F6B3026C7A90C009C29AA /* WeatherModel.swift in Sources */,
				079F6B1E26C796A9009C29AA /* MapLocationView.swift in Sources */,
				079F6B1C26C7968E009C29AA /* MyLocationView.swift in Sources */,
				079F6B3426C7AC20009C29AA /* WeatherInfoModel.swift in Sources */,
				079F6B2526C7A6E7009C29AA /* Color.swift in Sources */,
			);
			runOnlyForDeploymentPostprocessing = 0;
		};
/* End PBXSourcesBuildPhase section */

/* Begin XCBuildConfiguration section */
		07C084D926C79028008FA7DD /* Debug */ = {
			isa = XCBuildConfiguration;
			buildSettings = {
				ALWAYS_SEARCH_USER_PATHS = NO;
				CLANG_ANALYZER_NONNULL = YES;
				CLANG_ANALYZER_NUMBER_OBJECT_CONVERSION = YES_AGGRESSIVE;
				CLANG_CXX_LANGUAGE_STANDARD = "gnu++14";
				CLANG_CXX_LIBRARY = "libc++";
				CLANG_ENABLE_MODULES = YES;
				CLANG_ENABLE_OBJC_ARC = YES;
				CLANG_ENABLE_OBJC_WEAK = YES;
				CLANG_WARN_BLOCK_CAPTURE_AUTORELEASING = YES;
				CLANG_WARN_BOOL_CONVERSION = YES;
				CLANG_WARN_COMMA = YES;
				CLANG_WARN_CONSTANT_CONVERSION = YES;
				CLANG_WARN_DEPRECATED_OBJC_IMPLEMENTATIONS = YES;
				CLANG_WARN_DIRECT_OBJC_ISA_USAGE = YES_ERROR;
				CLANG_WARN_DOCUMENTATION_COMMENTS = YES;
				CLANG_WARN_EMPTY_BODY = YES;
				CLANG_WARN_ENUM_CONVERSION = YES;
				CLANG_WARN_INFINITE_RECURSION = YES;
				CLANG_WARN_INT_CONVERSION = YES;
				CLANG_WARN_NON_LITERAL_NULL_CONVERSION = YES;
				CLANG_WARN_OBJC_IMPLICIT_RETAIN_SELF = YES;
				CLANG_WARN_OBJC_LITERAL_CONVERSION = YES;
				CLANG_WARN_OBJC_ROOT_CLASS = YES_ERROR;
				CLANG_WARN_QUOTED_INCLUDE_IN_FRAMEWORK_HEADER = YES;
				CLANG_WARN_RANGE_LOOP_ANALYSIS = YES;
				CLANG_WARN_STRICT_PROTOTYPES = YES;
				CLANG_WARN_SUSPICIOUS_MOVE = YES;
				CLANG_WARN_UNGUARDED_AVAILABILITY = YES_AGGRESSIVE;
				CLANG_WARN_UNREACHABLE_CODE = YES;
				CLANG_WARN__DUPLICATE_METHOD_MATCH = YES;
				COPY_PHASE_STRIP = NO;
				DEBUG_INFORMATION_FORMAT = dwarf;
				ENABLE_STRICT_OBJC_MSGSEND = YES;
				ENABLE_TESTABILITY = YES;
				GCC_C_LANGUAGE_STANDARD = gnu11;
				GCC_DYNAMIC_NO_PIC = NO;
				GCC_NO_COMMON_BLOCKS = YES;
				GCC_OPTIMIZATION_LEVEL = 0;
				GCC_PREPROCESSOR_DEFINITIONS = (
					"DEBUG=1",
					"$(inherited)",
				);
				GCC_WARN_64_TO_32_BIT_CONVERSION = YES;
				GCC_WARN_ABOUT_RETURN_TYPE = YES_ERROR;
				GCC_WARN_UNDECLARED_SELECTOR = YES;
				GCC_WARN_UNINITIALIZED_AUTOS = YES_AGGRESSIVE;
				GCC_WARN_UNUSED_FUNCTION = YES;
				GCC_WARN_UNUSED_VARIABLE = YES;
				IPHONEOS_DEPLOYMENT_TARGET = 14.5;
				MTL_ENABLE_DEBUG_INFO = INCLUDE_SOURCE;
				MTL_FAST_MATH = YES;
				ONLY_ACTIVE_ARCH = YES;
				SDKROOT = iphoneos;
				SWIFT_ACTIVE_COMPILATION_CONDITIONS = DEBUG;
				SWIFT_OPTIMIZATION_LEVEL = "-Onone";
			};
			name = Debug;
		};
		07C084DA26C79028008FA7DD /* Release */ = {
			isa = XCBuildConfiguration;
			buildSettings = {
				ALWAYS_SEARCH_USER_PATHS = NO;
				CLANG_ANALYZER_NONNULL = YES;
				CLANG_ANALYZER_NUMBER_OBJECT_CONVERSION = YES_AGGRESSIVE;
				CLANG_CXX_LANGUAGE_STANDARD = "gnu++14";
				CLANG_CXX_LIBRARY = "libc++";
				CLANG_ENABLE_MODULES = YES;
				CLANG_ENABLE_OBJC_ARC = YES;
				CLANG_ENABLE_OBJC_WEAK = YES;
				CLANG_WARN_BLOCK_CAPTURE_AUTORELEASING = YES;
				CLANG_WARN_BOOL_CONVERSION = YES;
				CLANG_WARN_COMMA = YES;
				CLANG_WARN_CONSTANT_CONVERSION = YES;
				CLANG_WARN_DEPRECATED_OBJC_IMPLEMENTATIONS = YES;
				CLANG_WARN_DIRECT_OBJC_ISA_USAGE = YES_ERROR;
				CLANG_WARN_DOCUMENTATION_COMMENTS = YES;
				CLANG_WARN_EMPTY_BODY = YES;
				CLANG_WARN_ENUM_CONVERSION = YES;
				CLANG_WARN_INFINITE_RECURSION = YES;
				CLANG_WARN_INT_CONVERSION = YES;
				CLANG_WARN_NON_LITERAL_NULL_CONVERSION = YES;
				CLANG_WARN_OBJC_IMPLICIT_RETAIN_SELF = YES;
				CLANG_WARN_OBJC_LITERAL_CONVERSION = YES;
				CLANG_WARN_OBJC_ROOT_CLASS = YES_ERROR;
				CLANG_WARN_QUOTED_INCLUDE_IN_FRAMEWORK_HEADER = YES;
				CLANG_WARN_RANGE_LOOP_ANALYSIS = YES;
				CLANG_WARN_STRICT_PROTOTYPES = YES;
				CLANG_WARN_SUSPICIOUS_MOVE = YES;
				CLANG_WARN_UNGUARDED_AVAILABILITY = YES_AGGRESSIVE;
				CLANG_WARN_UNREACHABLE_CODE = YES;
				CLANG_WARN__DUPLICATE_METHOD_MATCH = YES;
				COPY_PHASE_STRIP = NO;
				DEBUG_INFORMATION_FORMAT = "dwarf-with-dsym";
				ENABLE_NS_ASSERTIONS = NO;
				ENABLE_STRICT_OBJC_MSGSEND = YES;
				GCC_C_LANGUAGE_STANDARD = gnu11;
				GCC_NO_COMMON_BLOCKS = YES;
				GCC_WARN_64_TO_32_BIT_CONVERSION = YES;
				GCC_WARN_ABOUT_RETURN_TYPE = YES_ERROR;
				GCC_WARN_UNDECLARED_SELECTOR = YES;
				GCC_WARN_UNINITIALIZED_AUTOS = YES_AGGRESSIVE;
				GCC_WARN_UNUSED_FUNCTION = YES;
				GCC_WARN_UNUSED_VARIABLE = YES;
				IPHONEOS_DEPLOYMENT_TARGET = 14.5;
				MTL_ENABLE_DEBUG_INFO = NO;
				MTL_FAST_MATH = YES;
				SDKROOT = iphoneos;
				SWIFT_COMPILATION_MODE = wholemodule;
				SWIFT_OPTIMIZATION_LEVEL = "-O";
				VALIDATE_PRODUCT = YES;
			};
			name = Release;
		};
		07C084DC26C79028008FA7DD /* Debug */ = {
			isa = XCBuildConfiguration;
			buildSettings = {
				ASSETCATALOG_COMPILER_APPICON_NAME = AppIcon;
				ASSETCATALOG_COMPILER_GLOBAL_ACCENT_COLOR_NAME = AccentColor;
				CODE_SIGN_STYLE = Automatic;
				DEVELOPMENT_ASSET_PATHS = "\"WeatherApp/Preview Content\"";
				DEVELOPMENT_TEAM = BNWVAG3Z76;
				ENABLE_PREVIEWS = YES;
				INFOPLIST_FILE = WeatherApp/Info.plist;
				IPHONEOS_DEPLOYMENT_TARGET = 14.0;
				LD_RUNPATH_SEARCH_PATHS = (
					"$(inherited)",
					"@executable_path/Frameworks",
				);
				PRODUCT_BUNDLE_IDENTIFIER = com.facu.WeatherApp;
				PRODUCT_NAME = "$(TARGET_NAME)";
				SWIFT_VERSION = 5.0;
				TARGETED_DEVICE_FAMILY = "1,2";
			};
			name = Debug;
		};
		07C084DD26C79028008FA7DD /* Release */ = {
			isa = XCBuildConfiguration;
			buildSettings = {
				ASSETCATALOG_COMPILER_APPICON_NAME = AppIcon;
				ASSETCATALOG_COMPILER_GLOBAL_ACCENT_COLOR_NAME = AccentColor;
				CODE_SIGN_STYLE = Automatic;
				DEVELOPMENT_ASSET_PATHS = "\"WeatherApp/Preview Content\"";
				DEVELOPMENT_TEAM = BNWVAG3Z76;
				ENABLE_PREVIEWS = YES;
				INFOPLIST_FILE = WeatherApp/Info.plist;
				IPHONEOS_DEPLOYMENT_TARGET = 14.0;
				LD_RUNPATH_SEARCH_PATHS = (
					"$(inherited)",
					"@executable_path/Frameworks",
				);
				PRODUCT_BUNDLE_IDENTIFIER = com.facu.WeatherApp;
				PRODUCT_NAME = "$(TARGET_NAME)";
				SWIFT_VERSION = 5.0;
				TARGETED_DEVICE_FAMILY = "1,2";
			};
			name = Release;
		};
/* End XCBuildConfiguration section */

/* Begin XCConfigurationList section */
		07C084C726C79027008FA7DD /* Build configuration list for PBXProject "WeatherApp" */ = {
			isa = XCConfigurationList;
			buildConfigurations = (
				07C084D926C79028008FA7DD /* Debug */,
				07C084DA26C79028008FA7DD /* Release */,
			);
			defaultConfigurationIsVisible = 0;
			defaultConfigurationName = Release;
		};
		07C084DB26C79028008FA7DD /* Build configuration list for PBXNativeTarget "WeatherApp" */ = {
			isa = XCConfigurationList;
			buildConfigurations = (
				07C084DC26C79028008FA7DD /* Debug */,
				07C084DD26C79028008FA7DD /* Release */,
			);
			defaultConfigurationIsVisible = 0;
			defaultConfigurationName = Release;
		};
/* End XCConfigurationList section */
	};
	rootObject = 07C084C426C79027008FA7DD /* Project object */;
}
